
Microsoft Visual Studio Solution File, Format Version 12.00
# Visual Studio 15
VisualStudioVersion = 15.0.27703.2035
MinimumVisualStudioVersion = 10.0.40219.1
Project("{FAE04EC0-301F-11D3-BF4B-00C04F79EFBC}") = "ListaDeArquivos", "ListaDeArquivos\ListaDeArquivos.csproj", "{9600B855-B58E-4DEC-BEFB-C11E3209322B}"
EndProject
Global
	GlobalSection(SolutionConfigurationPlatforms) = preSolution
		Debug|Any CPU = Debug|Any CPU
		Release|Any CPU = Release|Any CPU
	EndGlobalSection
	GlobalSection(ProjectConfigurationPlatforms) = postSolution
		{9600B855-B58E-4DEC-BEFB-C11E3209322B}.Debug|Any CPU.ActiveCfg = Debug|Any CPU
		{9600B855-B58E-4DEC-BEFB-C11E3209322B}.Debug|Any CPU.Build.0 = Debug|Any CPU
		{9600B855-B58E-4DEC-BEFB-C11E3209322B}.Release|Any CPU.ActiveCfg = Release|Any CPU
		{9600B855-B58E-4DEC-BEFB-C11E3209322B}.Release|Any CPU.Build.0 = Release|Any CPU
	EndGlobalSection
	GlobalSection(SolutionProperties) = preSolution
		HideSolutionNode = FALSE
	EndGlobalSection
	GlobalSection(ExtensibilityGlobals) = postSolution
		SolutionGuid = {F1945246-5EBF-48C7-ADA1-87C9F184B86B}
	EndGlobalSection
EndGlobal
